github.com/tusklang/goat v0.0.0-20200917225619-80ad5d6747c8 h1:Nva+jj3plhm/XUVsk70zKetlAIjMdCTlLYJFtsA1mR4=
github.com/tusklang/goat v0.0.0-20200917225619-80ad5d6747c8/go.mod h1:KzuhOjQUFevQ3iw0Vxp961gWvO94btmdhpC9KclDrHs=
github.com/tusklang/oat v0.0.0-20200917225620-25534b9a2ae2 h1:LPm1zKRimu21ZU14rOaTbbJcZ3+oNKBECTr8k8OadPM=
github.com/tusklang/oat v0.0.0-20200917225620-25534b9a2ae2/go.mod h1:B3tDe4hUsaFzunvtYdtopckBww5BgGlFI30WBtsIPw4=
github.com/tusklang/tusk v0.0.0-20200917225621-b82879583b1c h1:UrJCRe9bKiFTFAC0HOunXFYNDCg9KsLje1AwBETwj60=
github.com/tusklang/tusk v0.0.0-20200917225621-b82879583b1c/go.mod h1:3CInXUvPvb1SMi7E6KBNWW6f0I8+VjouNVaLIgVTxcg=
github.com/tusklang/undra v0.0.0-20200917225619-ebe5218b6e8b h1:15UQp+sSzl8/bj8gwANI754Y6p1wMoTSzj9h4Mpu4VY=
github.com/tusklang/undra v0.0.0-20200917225619-ebe5218b6e8b/go.mod h1:J5aofZ7xiy+rlxsOLFb3Ai8LFk5GN3bcUalw1jST2JA=
