github.com/tusklang/goat v0.0.0-20200929145454-716a0ba322b4 h1:AJOH+9wrZW6ZRUFuj8oDO9x1xCy/f8QqEiCVlaKa03o=
github.com/tusklang/goat v0.0.0-20200929145454-716a0ba322b4/go.mod h1:KzuhOjQUFevQ3iw0Vxp961gWvO94btmdhpC9KclDrHs=
github.com/tusklang/oat v0.0.0-20201006015704-3bdccff6eb9a h1:y+DffpFtfsqB8bRqfNFwMSlBYylH+iKN9L6ZWGvWlwo=
github.com/tusklang/oat v0.0.0-20201006015704-3bdccff6eb9a/go.mod h1:B3tDe4hUsaFzunvtYdtopckBww5BgGlFI30WBtsIPw4=
github.com/tusklang/tusk v0.0.0-20201006015703-22a6e9d22afa h1:qMf+j+asNLHmfPvvO8zN1S2oK5FBAbvYf5osP5lhVC0=
github.com/tusklang/tusk v0.0.0-20201006015703-22a6e9d22afa/go.mod h1:3CInXUvPvb1SMi7E6KBNWW6f0I8+VjouNVaLIgVTxcg=
